{
    "name": "goboscript",
    "version": "0.0.1",
    "lockfileVersion": 2,
    "requires": true,
    "packages": {
        "": {
            "name": "goboscript",
            "version": "0.0.1",
            "dependencies": {
                "vscode": "^0.9.9"
            },
            "engines": {
                "vscode": "^1.1.37"
            }
        },
        "node_modules/typescript": {
            "version": "1.8.10",
            "resolved": "https://registry.npmjs.org/typescript/-/typescript-1.8.10.tgz",
            "integrity": "sha512-amAjhGr2ZKUcd3OpqmSWbyz57bveJcwLdVp4XY31zR3Lylq0ZG8MHAX4IpoJ5AypkdkKkMRRVoqY6lKWrR9uPQ==",
            "bin": {
                "tsc": "bin/tsc",
                "tsserver": "bin/tsserver"
            },
            "engines": {
                "node": ">=0.8.0"
            }
        },
        "node_modules/vscode": {
            "version": "0.9.9",
            "resolved": "https://registry.npmjs.org/vscode/-/vscode-0.9.9.tgz",
            "integrity": "sha512-FK4eqMbskoWAQS8XVB7eXwFSLviY4MOWPAk2lfEwR7FbMBXKEw4E2IHG5MsWTWPnj+CmHfSco/ofkxaolhS5Rg==",
            "deprecated": "This package is deprecated in favor of @types/vscode and vscode-test. For more information please read: https://code.visualstudio.com/updates/v1_36#_splitting-vscode-package-into-typesvscode-and-vscodetest",
            "dependencies": {
                "typescript": "^1.6.2"
            }
        }
    },
    "dependencies": {
        "typescript": {
            "version": "1.8.10",
            "resolved": "https://registry.npmjs.org/typescript/-/typescript-1.8.10.tgz",
            "integrity": "sha512-amAjhGr2ZKUcd3OpqmSWbyz57bveJcwLdVp4XY31zR3Lylq0ZG8MHAX4IpoJ5AypkdkKkMRRVoqY6lKWrR9uPQ=="
        },
        "vscode": {
            "version": "0.9.9",
            "resolved": "https://registry.npmjs.org/vscode/-/vscode-0.9.9.tgz",
            "integrity": "sha512-FK4eqMbskoWAQS8XVB7eXwFSLviY4MOWPAk2lfEwR7FbMBXKEw4E2IHG5MsWTWPnj+CmHfSco/ofkxaolhS5Rg==",
            "requires": {
                "typescript": "^1.6.2"
            }
        }
    }
}
